
Microsoft Visual Studio Solution File, Format Version 12.00
# Visual Studio Version 17
VisualStudioVersion = 17.7.34031.279
MinimumVisualStudioVersion = 10.0.40219.1
Project("{FAE04EC0-301F-11D3-BF4B-00C04F79EFBC}") = "24.09", "24.09\24.09.csproj", "{B44E96DD-86F3-4214-B71F-F48F27820FC5}"
EndProject
Global
	GlobalSection(SolutionConfigurationPlatforms) = preSolution
		Debug|Any CPU = Debug|Any CPU
		Release|Any CPU = Release|Any CPU
	EndGlobalSection
	GlobalSection(ProjectConfigurationPlatforms) = postSolution
		{B44E96DD-86F3-4214-B71F-F48F27820FC5}.Debug|Any CPU.ActiveCfg = Debug|Any CPU
		{B44E96DD-86F3-4214-B71F-F48F27820FC5}.Debug|Any CPU.Build.0 = Debug|Any CPU
		{B44E96DD-86F3-4214-B71F-F48F27820FC5}.Release|Any CPU.ActiveCfg = Release|Any CPU
		{B44E96DD-86F3-4214-B71F-F48F27820FC5}.Release|Any CPU.Build.0 = Release|Any CPU
	EndGlobalSection
	GlobalSection(SolutionProperties) = preSolution
		HideSolutionNode = FALSE
	EndGlobalSection
	GlobalSection(ExtensibilityGlobals) = postSolution
		SolutionGuid = {54728D9B-1A1C-4FE0-AF48-8954C5BE3232}
	EndGlobalSection
EndGlobal
